
Microsoft Visual Studio Solution File, Format Version 12.00
# Visual Studio 15
VisualStudioVersion = 15.0.27004.2008
MinimumVisualStudioVersion = 10.0.40219.1
Project("{FAE04EC0-301F-11D3-BF4B-00C04F79EFBC}") = "DriversOnTheStorm", "DriversOnTheStorm\DriversOnTheStorm.csproj", "{A206F59F-7541-47C1-803F-95736254EEF4}"
EndProject
Global
	GlobalSection(SolutionConfigurationPlatforms) = preSolution
		Debug|Any CPU = Debug|Any CPU
		Release|Any CPU = Release|Any CPU
	EndGlobalSection
	GlobalSection(ProjectConfigurationPlatforms) = postSolution
		{A206F59F-7541-47C1-803F-95736254EEF4}.Debug|Any CPU.ActiveCfg = Debug|Any CPU
		{A206F59F-7541-47C1-803F-95736254EEF4}.Debug|Any CPU.Build.0 = Debug|Any CPU
		{A206F59F-7541-47C1-803F-95736254EEF4}.Release|Any CPU.ActiveCfg = Release|Any CPU
		{A206F59F-7541-47C1-803F-95736254EEF4}.Release|Any CPU.Build.0 = Release|Any CPU
	EndGlobalSection
	GlobalSection(SolutionProperties) = preSolution
		HideSolutionNode = FALSE
	EndGlobalSection
	GlobalSection(ExtensibilityGlobals) = postSolution
		SolutionGuid = {7B17086F-6967-4F8D-854E-36891AF56DA9}
	EndGlobalSection
EndGlobal
